
Microsoft Visual Studio Solution File, Format Version 12.00
Project("{FAE04EC0-301F-11D3-BF4B-00C04F79EFBC}") = "OOPDemo", "OOPDemo\OOPDemo.csproj", "{63F4BE6A-6071-461C-BF75-6FF36394AFB5}"
EndProject
Project("{FAE04EC0-301F-11D3-BF4B-00C04F79EFBC}") = "SingletonDemo", "SingletonDemo\SingletonDemo.csproj", "{87AC025E-8460-49CB-B62B-B13F28BA6C73}"
EndProject
Project("{FAE04EC0-301F-11D3-BF4B-00C04F79EFBC}") = "FactoryPatternDemo", "FactoryPatternDemo\FactoryPatternDemo.csproj", "{F443A0F1-FDE2-4B78-83C6-1770720AD523}"
EndProject
Project("{FAE04EC0-301F-11D3-BF4B-00C04F79EFBC}") = "BuilderPatternDemo", "BuilderPatternDemo\BuilderPatternDemo.csproj", "{7596A3A7-5435-408C-9789-E22C2CC71A4B}"
EndProject
Project("{FAE04EC0-301F-11D3-BF4B-00C04F79EFBC}") = "QuartzDemo", "QuartzDemo\QuartzDemo.csproj", "{90109965-A22F-4E06-BB7D-1B4A1EF3208F}"
EndProject
Project("{2150E333-8FDC-42A3-9474-1A3956D46DE8}") = "Algorithms", "Algorithms", "{B2FAB02F-F735-4D7F-84C4-A4EF3B3FBF99}"
EndProject
Project("{FAE04EC0-301F-11D3-BF4B-00C04F79EFBC}") = "Algorithms", "Algorithms\Algorithms.csproj", "{DF5C469F-AE45-49B5-BA59-82CF6286FA6F}"
EndProject
Project("{2150E333-8FDC-42A3-9474-1A3956D46DE8}") = "DesignPatterns", "DesignPatterns", "{A5925830-E77C-433E-AA46-E36353B71352}"
EndProject
Project("{2150E333-8FDC-42A3-9474-1A3956D46DE8}") = "BasicKnowledge", "BasicKnowledge", "{39D46F1B-5541-4318-BB7A-F1A7D5DE84DC}"
EndProject
Project("{FAE04EC0-301F-11D3-BF4B-00C04F79EFBC}") = "StudyList", "StudyList\StudyList.csproj", "{E9365C3B-D70B-4DD1-9A6B-F26788A691ED}"
EndProject
Project("{2150E333-8FDC-42A3-9474-1A3956D46DE8}") = "CommonTechnologie", "CommonTechnologie", "{4FCA1B5C-096A-4D20-937E-DD0459B4677B}"
EndProject
Project("{FAE04EC0-301F-11D3-BF4B-00C04F79EFBC}") = "AdoNetTransactionDemo", "AdoNetTransactionDemo\AdoNetTransactionDemo.csproj", "{7AEDF843-440C-484F-AEFA-13F60B3CA726}"
EndProject
Global
	GlobalSection(SolutionConfigurationPlatforms) = preSolution
		Debug|Any CPU = Debug|Any CPU
		Release|Any CPU = Release|Any CPU
	EndGlobalSection
	GlobalSection(ProjectConfigurationPlatforms) = postSolution
		{63F4BE6A-6071-461C-BF75-6FF36394AFB5}.Debug|Any CPU.ActiveCfg = Debug|Any CPU
		{63F4BE6A-6071-461C-BF75-6FF36394AFB5}.Debug|Any CPU.Build.0 = Debug|Any CPU
		{63F4BE6A-6071-461C-BF75-6FF36394AFB5}.Release|Any CPU.ActiveCfg = Release|Any CPU
		{63F4BE6A-6071-461C-BF75-6FF36394AFB5}.Release|Any CPU.Build.0 = Release|Any CPU
		{87AC025E-8460-49CB-B62B-B13F28BA6C73}.Debug|Any CPU.ActiveCfg = Debug|Any CPU
		{87AC025E-8460-49CB-B62B-B13F28BA6C73}.Debug|Any CPU.Build.0 = Debug|Any CPU
		{87AC025E-8460-49CB-B62B-B13F28BA6C73}.Release|Any CPU.ActiveCfg = Release|Any CPU
		{87AC025E-8460-49CB-B62B-B13F28BA6C73}.Release|Any CPU.Build.0 = Release|Any CPU
		{F443A0F1-FDE2-4B78-83C6-1770720AD523}.Debug|Any CPU.ActiveCfg = Debug|Any CPU
		{F443A0F1-FDE2-4B78-83C6-1770720AD523}.Debug|Any CPU.Build.0 = Debug|Any CPU
		{F443A0F1-FDE2-4B78-83C6-1770720AD523}.Release|Any CPU.ActiveCfg = Release|Any CPU
		{F443A0F1-FDE2-4B78-83C6-1770720AD523}.Release|Any CPU.Build.0 = Release|Any CPU
		{7596A3A7-5435-408C-9789-E22C2CC71A4B}.Debug|Any CPU.ActiveCfg = Debug|Any CPU
		{7596A3A7-5435-408C-9789-E22C2CC71A4B}.Debug|Any CPU.Build.0 = Debug|Any CPU
		{7596A3A7-5435-408C-9789-E22C2CC71A4B}.Release|Any CPU.ActiveCfg = Release|Any CPU
		{7596A3A7-5435-408C-9789-E22C2CC71A4B}.Release|Any CPU.Build.0 = Release|Any CPU
		{90109965-A22F-4E06-BB7D-1B4A1EF3208F}.Debug|Any CPU.ActiveCfg = Debug|Any CPU
		{90109965-A22F-4E06-BB7D-1B4A1EF3208F}.Debug|Any CPU.Build.0 = Debug|Any CPU
		{90109965-A22F-4E06-BB7D-1B4A1EF3208F}.Release|Any CPU.ActiveCfg = Release|Any CPU
		{90109965-A22F-4E06-BB7D-1B4A1EF3208F}.Release|Any CPU.Build.0 = Release|Any CPU
		{DF5C469F-AE45-49B5-BA59-82CF6286FA6F}.Debug|Any CPU.ActiveCfg = Debug|Any CPU
		{DF5C469F-AE45-49B5-BA59-82CF6286FA6F}.Debug|Any CPU.Build.0 = Debug|Any CPU
		{DF5C469F-AE45-49B5-BA59-82CF6286FA6F}.Release|Any CPU.ActiveCfg = Release|Any CPU
		{DF5C469F-AE45-49B5-BA59-82CF6286FA6F}.Release|Any CPU.Build.0 = Release|Any CPU
		{E9365C3B-D70B-4DD1-9A6B-F26788A691ED}.Debug|Any CPU.ActiveCfg = Debug|Any CPU
		{E9365C3B-D70B-4DD1-9A6B-F26788A691ED}.Debug|Any CPU.Build.0 = Debug|Any CPU
		{E9365C3B-D70B-4DD1-9A6B-F26788A691ED}.Release|Any CPU.ActiveCfg = Release|Any CPU
		{E9365C3B-D70B-4DD1-9A6B-F26788A691ED}.Release|Any CPU.Build.0 = Release|Any CPU
		{7AEDF843-440C-484F-AEFA-13F60B3CA726}.Debug|Any CPU.ActiveCfg = Debug|Any CPU
		{7AEDF843-440C-484F-AEFA-13F60B3CA726}.Debug|Any CPU.Build.0 = Debug|Any CPU
		{7AEDF843-440C-484F-AEFA-13F60B3CA726}.Release|Any CPU.ActiveCfg = Release|Any CPU
		{7AEDF843-440C-484F-AEFA-13F60B3CA726}.Release|Any CPU.Build.0 = Release|Any CPU
	EndGlobalSection
	GlobalSection(NestedProjects) = preSolution
		{DF5C469F-AE45-49B5-BA59-82CF6286FA6F} = {B2FAB02F-F735-4D7F-84C4-A4EF3B3FBF99}
		{7596A3A7-5435-408C-9789-E22C2CC71A4B} = {A5925830-E77C-433E-AA46-E36353B71352}
		{F443A0F1-FDE2-4B78-83C6-1770720AD523} = {A5925830-E77C-433E-AA46-E36353B71352}
		{63F4BE6A-6071-461C-BF75-6FF36394AFB5} = {A5925830-E77C-433E-AA46-E36353B71352}
		{87AC025E-8460-49CB-B62B-B13F28BA6C73} = {A5925830-E77C-433E-AA46-E36353B71352}
		{E9365C3B-D70B-4DD1-9A6B-F26788A691ED} = {39D46F1B-5541-4318-BB7A-F1A7D5DE84DC}
		{90109965-A22F-4E06-BB7D-1B4A1EF3208F} = {4FCA1B5C-096A-4D20-937E-DD0459B4677B}
		{7AEDF843-440C-484F-AEFA-13F60B3CA726} = {39D46F1B-5541-4318-BB7A-F1A7D5DE84DC}
	EndGlobalSection
EndGlobal
